
Microsoft Visual Studio Solution File, Format Version 12.00
# Visual Studio Version 16
VisualStudioVersion = 16.0.32428.217
MinimumVisualStudioVersion = 10.0.40219.1
Project("{9A19103F-16F7-4668-BE54-9A1E7A4F7556}") = "VaiVuado", "VaiVuado\VaiVuado.csproj", "{3CDB8E49-788C-41F6-82DF-222F764F8F88}"
EndProject
Global
	GlobalSection(SolutionConfigurationPlatforms) = preSolution
		Debug|Any CPU = Debug|Any CPU
		Release|Any CPU = Release|Any CPU
	EndGlobalSection
	GlobalSection(ProjectConfigurationPlatforms) = postSolution
		{3CDB8E49-788C-41F6-82DF-222F764F8F88}.Debug|Any CPU.ActiveCfg = Debug|Any CPU
		{3CDB8E49-788C-41F6-82DF-222F764F8F88}.Debug|Any CPU.Build.0 = Debug|Any CPU
		{3CDB8E49-788C-41F6-82DF-222F764F8F88}.Release|Any CPU.ActiveCfg = Release|Any CPU
		{3CDB8E49-788C-41F6-82DF-222F764F8F88}.Release|Any CPU.Build.0 = Release|Any CPU
	EndGlobalSection
	GlobalSection(SolutionProperties) = preSolution
		HideSolutionNode = FALSE
	EndGlobalSection
	GlobalSection(ExtensibilityGlobals) = postSolution
		SolutionGuid = {A801A567-98A1-4780-A1CB-7CC8D77E5BB2}
	EndGlobalSection
EndGlobal
